PODS:
  - LiquidFloatingActionButton (1.2.0)
  - SnapKit (3.1.2)

DEPENDENCIES:
  - LiquidFloatingActionButton (from `../`)
  - SnapKit (~> 3.1)

EXTERNAL SOURCES:
  LiquidFloatingActionButton:
    :path: ../

SPEC CHECKSUMS:
  LiquidFloatingActionButton: a8654e5db0d97ec501bb2df44128a14d4086a136
  SnapKit: 12b24f569cb7c143acc9c22b9d91b23e7b1c84a2

PODFILE CHECKSUM: 0d99dad4ed1b3d59b70c315351d533e0d2680d3d

COCOAPODS: 1.2.0
