PODS:
  - LiquidFloatingActionButton (2.1.0)
  - SnapKit (4.2.0)

DEPENDENCIES:
  - LiquidFloatingActionButton (from `../`)
  - SnapKit (~> 4.2)

SPEC REPOS:
  trunk:
    - SnapKit

EXTERNAL SOURCES:
  LiquidFloatingActionButton:
    :path: "../"

SPEC CHECKSUMS:
  LiquidFloatingActionButton: d4412f67a2b00200042ff13d219aba6c9447e6f7
  SnapKit: fe8a619752f3f27075cc9a90244d75c6c3f27e2a

PODFILE CHECKSUM: 1dd7ffb2fcf8fa4cfb4dc0c626b9968877dd07a1

COCOAPODS: 1.9.1
